
Microsoft Visual Studio Solution File, Format Version 12.00
# Visual Studio Version 16
VisualStudioVersion = 16.0.31729.503
MinimumVisualStudioVersion = 10.0.40219.1
Project("{FAE04EC0-301F-11D3-BF4B-00C04F79EFBC}") = "Frandom", "Frandom\Frandom.csproj", "{04CE0996-E2FF-475C-BD5B-A26064F355DA}"
EndProject
Global
	GlobalSection(SolutionConfigurationPlatforms) = preSolution
		Debug|Any CPU = Debug|Any CPU
		Release|Any CPU = Release|Any CPU
	EndGlobalSection
	GlobalSection(ProjectConfigurationPlatforms) = postSolution
		{04CE0996-E2FF-475C-BD5B-A26064F355DA}.Debug|Any CPU.ActiveCfg = Debug|Any CPU
		{04CE0996-E2FF-475C-BD5B-A26064F355DA}.Debug|Any CPU.Build.0 = Debug|Any CPU
		{04CE0996-E2FF-475C-BD5B-A26064F355DA}.Release|Any CPU.ActiveCfg = Release|Any CPU
		{04CE0996-E2FF-475C-BD5B-A26064F355DA}.Release|Any CPU.Build.0 = Release|Any CPU
	EndGlobalSection
	GlobalSection(SolutionProperties) = preSolution
		HideSolutionNode = FALSE
	EndGlobalSection
	GlobalSection(ExtensibilityGlobals) = postSolution
		SolutionGuid = {95EC73F2-EB81-4793-8722-CDA351E497F6}
	EndGlobalSection
EndGlobal
